
Microsoft Visual Studio Solution File, Format Version 12.00
Project("{FAE04EC0-301F-11D3-BF4B-00C04F79EFBC}") = "VehicleService", "VehicleService\VehicleService.csproj", "{821B1174-F4D2-44EB-AA9A-F95E6E5C2FCC}"
EndProject
Project("{FAE04EC0-301F-11D3-BF4B-00C04F79EFBC}") = "RentService", "RentService\RentService.csproj", "{46AC7FA6-1245-4F50-9CE2-FA067BE6017E}"
EndProject
Project("{FAE04EC0-301F-11D3-BF4B-00C04F79EFBC}") = "MaintenanceService", "MaintenanceService\MaintenanceService.csproj", "{6B4D0A72-B82C-48A6-AC6E-D2879458F221}"
EndProject
Project("{FAE04EC0-301F-11D3-BF4B-00C04F79EFBC}") = "DriveSafe.Users", "DriveSafe.Users\DriveSafe.Users.csproj", "{2779D819-D3C3-47F4-BEEE-69B3A8B60123}"
EndProject
Project("{FAE04EC0-301F-11D3-BF4B-00C04F79EFBC}") = "ApiGateway", "ApiGateway\ApiGateway.csproj", "{966BB07B-F04F-485A-9780-73874F2812E4}"
EndProject
Global
	GlobalSection(SolutionConfigurationPlatforms) = preSolution
		Debug|Any CPU = Debug|Any CPU
		Release|Any CPU = Release|Any CPU
	EndGlobalSection
	GlobalSection(ProjectConfigurationPlatforms) = postSolution
		{821B1174-F4D2-44EB-AA9A-F95E6E5C2FCC}.Debug|Any CPU.ActiveCfg = Debug|Any CPU
		{821B1174-F4D2-44EB-AA9A-F95E6E5C2FCC}.Debug|Any CPU.Build.0 = Debug|Any CPU
		{821B1174-F4D2-44EB-AA9A-F95E6E5C2FCC}.Release|Any CPU.ActiveCfg = Release|Any CPU
		{821B1174-F4D2-44EB-AA9A-F95E6E5C2FCC}.Release|Any CPU.Build.0 = Release|Any CPU
		{46AC7FA6-1245-4F50-9CE2-FA067BE6017E}.Debug|Any CPU.ActiveCfg = Debug|Any CPU
		{46AC7FA6-1245-4F50-9CE2-FA067BE6017E}.Debug|Any CPU.Build.0 = Debug|Any CPU
		{46AC7FA6-1245-4F50-9CE2-FA067BE6017E}.Release|Any CPU.ActiveCfg = Release|Any CPU
		{46AC7FA6-1245-4F50-9CE2-FA067BE6017E}.Release|Any CPU.Build.0 = Release|Any CPU
		{6B4D0A72-B82C-48A6-AC6E-D2879458F221}.Debug|Any CPU.ActiveCfg = Debug|Any CPU
		{6B4D0A72-B82C-48A6-AC6E-D2879458F221}.Debug|Any CPU.Build.0 = Debug|Any CPU
		{6B4D0A72-B82C-48A6-AC6E-D2879458F221}.Release|Any CPU.ActiveCfg = Release|Any CPU
		{6B4D0A72-B82C-48A6-AC6E-D2879458F221}.Release|Any CPU.Build.0 = Release|Any CPU
		{2779D819-D3C3-47F4-BEEE-69B3A8B60123}.Debug|Any CPU.ActiveCfg = Debug|Any CPU
		{2779D819-D3C3-47F4-BEEE-69B3A8B60123}.Debug|Any CPU.Build.0 = Debug|Any CPU
		{2779D819-D3C3-47F4-BEEE-69B3A8B60123}.Release|Any CPU.ActiveCfg = Release|Any CPU
		{2779D819-D3C3-47F4-BEEE-69B3A8B60123}.Release|Any CPU.Build.0 = Release|Any CPU
		{966BB07B-F04F-485A-9780-73874F2812E4}.Debug|Any CPU.ActiveCfg = Debug|Any CPU
		{966BB07B-F04F-485A-9780-73874F2812E4}.Debug|Any CPU.Build.0 = Debug|Any CPU
		{966BB07B-F04F-485A-9780-73874F2812E4}.Release|Any CPU.ActiveCfg = Release|Any CPU
		{966BB07B-F04F-485A-9780-73874F2812E4}.Release|Any CPU.Build.0 = Release|Any CPU
	EndGlobalSection
EndGlobal
